// !$*UTF8*$!
{
	archiveVersion = 1;
	classes = {
	};
	objectVersion = 56;
	objects = {

/* Begin PBXBuildFile section */
		3247A8DE2B57352B0014E813 /* Extensions.swift in Sources */ = {isa = PBXBuildFile; fileRef = 3247A8DD2B57352B0014E813 /* Extensions.swift */; };
		3247A8E02B5738610014E813 /* TransactionModel.swift in Sources */ = {isa = PBXBuildFile; fileRef = 3247A8DF2B5738610014E813 /* TransactionModel.swift */; };
		3247A8E22B5739C20014E813 /* PreviewData.swift in Sources */ = {isa = PBXBuildFile; fileRef = 3247A8E12B5739C20014E813 /* PreviewData.swift */; };
		3247A8E42B573AF50014E813 /* TransactionRow.swift in Sources */ = {isa = PBXBuildFile; fileRef = 3247A8E32B573AF50014E813 /* TransactionRow.swift */; };
		3247A8E72B57410B0014E813 /* SwiftUIFontIcon in Frameworks */ = {isa = PBXBuildFile; productRef = 3247A8E62B57410B0014E813 /* SwiftUIFontIcon */; };
		32DBFE492B572F780024C731 /* ExpenseTrackerApp.swift in Sources */ = {isa = PBXBuildFile; fileRef = 32DBFE482B572F780024C731 /* ExpenseTrackerApp.swift */; };
		32DBFE4B2B572F780024C731 /* ContentView.swift in Sources */ = {isa = PBXBuildFile; fileRef = 32DBFE4A2B572F780024C731 /* ContentView.swift */; };
		32DBFE4D2B572F790024C731 /* Assets.xcassets in Resources */ = {isa = PBXBuildFile; fileRef = 32DBFE4C2B572F790024C731 /* Assets.xcassets */; };
		32DBFE502B572F790024C731 /* Preview Assets.xcassets in Resources */ = {isa = PBXBuildFile; fileRef = 32DBFE4F2B572F790024C731 /* Preview Assets.xcassets */; };
		32DBFE5A2B572F790024C731 /* ExpenseTrackerTests.swift in Sources */ = {isa = PBXBuildFile; fileRef = 32DBFE592B572F790024C731 /* ExpenseTrackerTests.swift */; };
		32DBFE642B572F790024C731 /* ExpenseTrackerUITests.swift in Sources */ = {isa = PBXBuildFile; fileRef = 32DBFE632B572F790024C731 /* ExpenseTrackerUITests.swift */; };
		32DBFE662B572F790024C731 /* ExpenseTrackerUITestsLaunchTests.swift in Sources */ = {isa = PBXBuildFile; fileRef = 32DBFE652B572F790024C731 /* ExpenseTrackerUITestsLaunchTests.swift */; };
		32F3A7542B57CE6000FC4077 /* TransactionListViewModel.swift in Sources */ = {isa = PBXBuildFile; fileRef = 32F3A7532B57CE6000FC4077 /* TransactionListViewModel.swift */; };
		32F3A7562B57D61C00FC4077 /* RecentTransactionsList.swift in Sources */ = {isa = PBXBuildFile; fileRef = 32F3A7552B57D61C00FC4077 /* RecentTransactionsList.swift */; };
		32F3A7582B57E79800FC4077 /* TransactionList.swift in Sources */ = {isa = PBXBuildFile; fileRef = 32F3A7572B57E79800FC4077 /* TransactionList.swift */; };
		32F3A75B2B57EC1500FC4077 /* Collections in Frameworks */ = {isa = PBXBuildFile; productRef = 32F3A75A2B57EC1500FC4077 /* Collections */; };
		32F3A75E2B57ED4A00FC4077 /* SwiftUICharts in Frameworks */ = {isa = PBXBuildFile; productRef = 32F3A75D2B57ED4A00FC4077 /* SwiftUICharts */; };
/* End PBXBuildFile section */

/* Begin PBXContainerItemProxy section */
		32DBFE562B572F790024C731 /* PBXContainerItemProxy */ = {
			isa = PBXContainerItemProxy;
			containerPortal = 32DBFE3D2B572F780024C731 /* Project object */;
			proxyType = 1;
			remoteGlobalIDString = 32DBFE442B572F780024C731;
			remoteInfo = ExpenseTracker;
		};
		32DBFE602B572F790024C731 /* PBXContainerItemProxy */ = {
			isa = PBXContainerItemProxy;
			containerPortal = 32DBFE3D2B572F780024C731 /* Project object */;
			proxyType = 1;
			remoteGlobalIDString = 32DBFE442B572F780024C731;
			remoteInfo = ExpenseTracker;
		};
/* End PBXContainerItemProxy section */

/* Begin PBXFileReference section */
		3247A8DD2B57352B0014E813 /* Extensions.swift */ = {isa = PBXFileReference; lastKnownFileType = sourcecode.swift; path = Extensions.swift; sourceTree = "<group>"; };
		3247A8DF2B5738610014E813 /* TransactionModel.swift */ = {isa = PBXFileReference; lastKnownFileType = sourcecode.swift; path = TransactionModel.swift; sourceTree = "<group>"; };
		3247A8E12B5739C20014E813 /* PreviewData.swift */ = {isa = PBXFileReference; lastKnownFileType = sourcecode.swift; path = PreviewData.swift; sourceTree = "<group>"; };
		3247A8E32B573AF50014E813 /* TransactionRow.swift */ = {isa = PBXFileReference; lastKnownFileType = sourcecode.swift; path = TransactionRow.swift; sourceTree = "<group>"; };
		32DBFE452B572F780024C731 /* ExpenseTracker.app */ = {isa = PBXFileReference; explicitFileType = wrapper.application; includeInIndex = 0; path = ExpenseTracker.app; sourceTree = BUILT_PRODUCTS_DIR; };
		32DBFE482B572F780024C731 /* ExpenseTrackerApp.swift */ = {isa = PBXFileReference; lastKnownFileType = sourcecode.swift; path = ExpenseTrackerApp.swift; sourceTree = "<group>"; };
		32DBFE4A2B572F780024C731 /* ContentView.swift */ = {isa = PBXFileReference; lastKnownFileType = sourcecode.swift; path = ContentView.swift; sourceTree = "<group>"; };
		32DBFE4C2B572F790024C731 /* Assets.xcassets */ = {isa = PBXFileReference; lastKnownFileType = folder.assetcatalog; path = Assets.xcassets; sourceTree = "<group>"; };
		32DBFE4F2B572F790024C731 /* Preview Assets.xcassets */ = {isa = PBXFileReference; lastKnownFileType = folder.assetcatalog; path = "Preview Assets.xcassets"; sourceTree = "<group>"; };
		32DBFE552B572F790024C731 /* ExpenseTrackerTests.xctest */ = {isa = PBXFileReference; explicitFileType = wrapper.cfbundle; includeInIndex = 0; path = ExpenseTrackerTests.xctest; sourceTree = BUILT_PRODUCTS_DIR; };
		32DBFE592B572F790024C731 /* ExpenseTrackerTests.swift */ = {isa = PBXFileReference; lastKnownFileType = sourcecode.swift; path = ExpenseTrackerTests.swift; sourceTree = "<group>"; };
		32DBFE5F2B572F790024C731 /* ExpenseTrackerUITests.xctest */ = {isa = PBXFileReference; explicitFileType = wrapper.cfbundle; includeInIndex = 0; path = ExpenseTrackerUITests.xctest; sourceTree = BUILT_PRODUCTS_DIR; };
		32DBFE632B572F790024C731 /* ExpenseTrackerUITests.swift */ = {isa = PBXFileReference; lastKnownFileType = sourcecode.swift; path = ExpenseTrackerUITests.swift; sourceTree = "<group>"; };
		32DBFE652B572F790024C731 /* ExpenseTrackerUITestsLaunchTests.swift */ = {isa = PBXFileReference; lastKnownFileType = sourcecode.swift; path = ExpenseTrackerUITestsLaunchTests.swift; sourceTree = "<group>"; };
		32F3A7532B57CE6000FC4077 /* TransactionListViewModel.swift */ = {isa = PBXFileReference; lastKnownFileType = sourcecode.swift; path = TransactionListViewModel.swift; sourceTree = "<group>"; };
		32F3A7552B57D61C00FC4077 /* RecentTransactionsList.swift */ = {isa = PBXFileReference; lastKnownFileType = sourcecode.swift; path = RecentTransactionsList.swift; sourceTree = "<group>"; };
		32F3A7572B57E79800FC4077 /* TransactionList.swift */ = {isa = PBXFileReference; lastKnownFileType = sourcecode.swift; path = TransactionList.swift; sourceTree = "<group>"; };
/* End PBXFileReference section */

/* Begin PBXFrameworksBuildPhase section */
		32DBFE422B572F780024C731 /* Frameworks */ = {
			isa = PBXFrameworksBuildPhase;
			buildActionMask = 2147483647;
			files = (
				32F3A75E2B57ED4A00FC4077 /* SwiftUICharts in Frameworks */,
				32F3A75B2B57EC1500FC4077 /* Collections in Frameworks */,
				3247A8E72B57410B0014E813 /* SwiftUIFontIcon in Frameworks */,
			);
			runOnlyForDeploymentPostprocessing = 0;
		};
		32DBFE522B572F790024C731 /* Frameworks */ = {
			isa = PBXFrameworksBuildPhase;
			buildActionMask = 2147483647;
			files = (
			);
			runOnlyForDeploymentPostprocessing = 0;
		};
		32DBFE5C2B572F790024C731 /* Frameworks */ = {
			isa = PBXFrameworksBuildPhase;
			buildActionMask = 2147483647;
			files = (
			);
			runOnlyForDeploymentPostprocessing = 0;
		};
/* End PBXFrameworksBuildPhase section */

/* Begin PBXGroup section */
		32DBFE3C2B572F780024C731 = {
			isa = PBXGroup;
			children = (
				32DBFE472B572F780024C731 /* ExpenseTracker */,
				32DBFE582B572F790024C731 /* ExpenseTrackerTests */,
				32DBFE622B572F790024C731 /* ExpenseTrackerUITests */,
				32DBFE462B572F780024C731 /* Products */,
			);
			sourceTree = "<group>";
		};
		32DBFE462B572F780024C731 /* Products */ = {
			isa = PBXGroup;
			children = (
				32DBFE452B572F780024C731 /* ExpenseTracker.app */,
				32DBFE552B572F790024C731 /* ExpenseTrackerTests.xctest */,
				32DBFE5F2B572F790024C731 /* ExpenseTrackerUITests.xctest */,
			);
			name = Products;
			sourceTree = "<group>";
		};
		32DBFE472B572F780024C731 /* ExpenseTracker */ = {
			isa = PBXGroup;
			children = (
				32DBFE482B572F780024C731 /* ExpenseTrackerApp.swift */,
				32DBFE4A2B572F780024C731 /* ContentView.swift */,
				32F3A7552B57D61C00FC4077 /* RecentTransactionsList.swift */,
				32F3A7572B57E79800FC4077 /* TransactionList.swift */,
				3247A8E32B573AF50014E813 /* TransactionRow.swift */,
				32F3A7532B57CE6000FC4077 /* TransactionListViewModel.swift */,
				3247A8DF2B5738610014E813 /* TransactionModel.swift */,
				3247A8DD2B57352B0014E813 /* Extensions.swift */,
				32DBFE4C2B572F790024C731 /* Assets.xcassets */,
				32DBFE4E2B572F790024C731 /* Preview Content */,
			);
			path = ExpenseTracker;
			sourceTree = "<group>";
		};
		32DBFE4E2B572F790024C731 /* Preview Content */ = {
			isa = PBXGroup;
			children = (
				32DBFE4F2B572F790024C731 /* Preview Assets.xcassets */,
				3247A8E12B5739C20014E813 /* PreviewData.swift */,
			);
			path = "Preview Content";
			sourceTree = "<group>";
		};
		32DBFE582B572F790024C731 /* ExpenseTrackerTests */ = {
			isa = PBXGroup;
			children = (
				32DBFE592B572F790024C731 /* ExpenseTrackerTests.swift */,
			);
			path = ExpenseTrackerTests;
			sourceTree = "<group>";
		};
		32DBFE622B572F790024C731 /* ExpenseTrackerUITests */ = {
			isa = PBXGroup;
			children = (
				32DBFE632B572F790024C731 /* ExpenseTrackerUITests.swift */,
				32DBFE652B572F790024C731 /* ExpenseTrackerUITestsLaunchTests.swift */,
			);
			path = ExpenseTrackerUITests;
			sourceTree = "<group>";
		};
/* End PBXGroup section */

/* Begin PBXNativeTarget section */
		32DBFE442B572F780024C731 /* ExpenseTracker */ = {
			isa = PBXNativeTarget;
			buildConfigurationList = 32DBFE692B572F790024C731 /* Build configuration list for PBXNativeTarget "ExpenseTracker" */;
			buildPhases = (
				32DBFE412B572F780024C731 /* Sources */,
				32DBFE422B572F780024C731 /* Frameworks */,
				32DBFE432B572F780024C731 /* Resources */,
			);
			buildRules = (
			);
			dependencies = (
			);
			name = ExpenseTracker;
			packageProductDependencies = (
				3247A8E62B57410B0014E813 /* SwiftUIFontIcon */,
				32F3A75A2B57EC1500FC4077 /* Collections */,
				32F3A75D2B57ED4A00FC4077 /* SwiftUICharts */,
			);
			productName = ExpenseTracker;
			productReference = 32DBFE452B572F780024C731 /* ExpenseTracker.app */;
			productType = "com.apple.product-type.application";
		};
		32DBFE542B572F790024C731 /* ExpenseTrackerTests */ = {
			isa = PBXNativeTarget;
			buildConfigurationList = 32DBFE6C2B572F790024C731 /* Build configuration list for PBXNativeTarget "ExpenseTrackerTests" */;
			buildPhases = (
				32DBFE512B572F790024C731 /* Sources */,
				32DBFE522B572F790024C731 /* Frameworks */,
				32DBFE532B572F790024C731 /* Resources */,
			);
			buildRules = (
			);
			dependencies = (
				32DBFE572B572F790024C731 /* PBXTargetDependency */,
			);
			name = ExpenseTrackerTests;
			productName = ExpenseTrackerTests;
			productReference = 32DBFE552B572F790024C731 /* ExpenseTrackerTests.xctest */;
			productType = "com.apple.product-type.bundle.unit-test";
		};
		32DBFE5E2B572F790024C731 /* ExpenseTrackerUITests */ = {
			isa = PBXNativeTarget;
			buildConfigurationList = 32DBFE6F2B572F790024C731 /* Build configuration list for PBXNativeTarget "ExpenseTrackerUITests" */;
			buildPhases = (
				32DBFE5B2B572F790024C731 /* Sources */,
				32DBFE5C2B572F790024C731 /* Frameworks */,
				32DBFE5D2B572F790024C731 /* Resources */,
			);
			buildRules = (
			);
			dependencies = (
				32DBFE612B572F790024C731 /* PBXTargetDependency */,
			);
			name = ExpenseTrackerUITests;
			productName = ExpenseTrackerUITests;
			productReference = 32DBFE5F2B572F790024C731 /* ExpenseTrackerUITests.xctest */;
			productType = "com.apple.product-type.bundle.ui-testing";
		};
/* End PBXNativeTarget section */

/* Begin PBXProject section */
		32DBFE3D2B572F780024C731 /* Project object */ = {
			isa = PBXProject;
			attributes = {
				BuildIndependentTargetsInParallel = 1;
				LastSwiftUpdateCheck = 1510;
				LastUpgradeCheck = 1510;
				TargetAttributes = {
					32DBFE442B572F780024C731 = {
						CreatedOnToolsVersion = 15.1;
					};
					32DBFE542B572F790024C731 = {
						CreatedOnToolsVersion = 15.1;
						TestTargetID = 32DBFE442B572F780024C731;
					};
					32DBFE5E2B572F790024C731 = {
						CreatedOnToolsVersion = 15.1;
						TestTargetID = 32DBFE442B572F780024C731;
					};
				};
			};
			buildConfigurationList = 32DBFE402B572F780024C731 /* Build configuration list for PBXProject "ExpenseTracker" */;
			compatibilityVersion = "Xcode 14.0";
			developmentRegion = en;
			hasScannedForEncodings = 0;
			knownRegions = (
				en,
				Base,
			);
			mainGroup = 32DBFE3C2B572F780024C731;
			packageReferences = (
				3247A8E52B57410B0014E813 /* XCRemoteSwiftPackageReference "SwiftUIFontIcon" */,
				32F3A7592B57EC1500FC4077 /* XCRemoteSwiftPackageReference "swift-collections" */,
				32F3A75C2B57ED4A00FC4077 /* XCRemoteSwiftPackageReference "ChartView" */,
			);
			productRefGroup = 32DBFE462B572F780024C731 /* Products */;
			projectDirPath = "";
			projectRoot = "";
			targets = (
				32DBFE442B572F780024C731 /* ExpenseTracker */,
				32DBFE542B572F790024C731 /* ExpenseTrackerTests */,
				32DBFE5E2B572F790024C731 /* ExpenseTrackerUITests */,
			);
		};
/* End PBXProject section */

/* Begin PBXResourcesBuildPhase section */
		32DBFE432B572F780024C731 /* Resources */ = {
			isa = PBXResourcesBuildPhase;
			buildActionMask = 2147483647;
			files = (
				32DBFE502B572F790024C731 /* Preview Assets.xcassets in Resources */,
				32DBFE4D2B572F790024C731 /* Assets.xcassets in Resources */,
			);
			runOnlyForDeploymentPostprocessing = 0;
		};
		32DBFE532B572F790024C731 /* Resources */ = {
			isa = PBXResourcesBuildPhase;
			buildActionMask = 2147483647;
			files = (
			);
			runOnlyForDeploymentPostprocessing = 0;
		};
		32DBFE5D2B572F790024C731 /* Resources */ = {
			isa = PBXResourcesBuildPhase;
			buildActionMask = 2147483647;
			files = (
			);
			runOnlyForDeploymentPostprocessing = 0;
		};
/* End PBXResourcesBuildPhase section */

/* Begin PBXSourcesBuildPhase section */
		32DBFE412B572F780024C731 /* Sources */ = {
			isa = PBXSourcesBuildPhase;
			buildActionMask = 2147483647;
			files = (
				3247A8E22B5739C20014E813 /* PreviewData.swift in Sources */,
				32F3A7582B57E79800FC4077 /* TransactionList.swift in Sources */,
				3247A8E02B5738610014E813 /* TransactionModel.swift in Sources */,
				32DBFE4B2B572F780024C731 /* ContentView.swift in Sources */,
				3247A8E42B573AF50014E813 /* TransactionRow.swift in Sources */,
				3247A8DE2B57352B0014E813 /* Extensions.swift in Sources */,
				32F3A7562B57D61C00FC4077 /* RecentTransactionsList.swift in Sources */,
				32F3A7542B57CE6000FC4077 /* TransactionListViewModel.swift in Sources */,
				32DBFE492B572F780024C731 /* ExpenseTrackerApp.swift in Sources */,
			);
			runOnlyForDeploymentPostprocessing = 0;
		};
		32DBFE512B572F790024C731 /* Sources */ = {
			isa = PBXSourcesBuildPhase;
			buildActionMask = 2147483647;
			files = (
				32DBFE5A2B572F790024C731 /* ExpenseTrackerTests.swift in Sources */,
			);
			runOnlyForDeploymentPostprocessing = 0;
		};
		32DBFE5B2B572F790024C731 /* Sources */ = {
			isa = PBXSourcesBuildPhase;
			buildActionMask = 2147483647;
			files = (
				32DBFE662B572F790024C731 /* ExpenseTrackerUITestsLaunchTests.swift in Sources */,
				32DBFE642B572F790024C731 /* ExpenseTrackerUITests.swift in Sources */,
			);
			runOnlyForDeploymentPostprocessing = 0;
		};
/* End PBXSourcesBuildPhase section */

/* Begin PBXTargetDependency section */
		32DBFE572B572F790024C731 /* PBXTargetDependency */ = {
			isa = PBXTargetDependency;
			target = 32DBFE442B572F780024C731 /* ExpenseTracker */;
			targetProxy = 32DBFE562B572F790024C731 /* PBXContainerItemProxy */;
		};
		32DBFE612B572F790024C731 /* PBXTargetDependency */ = {
			isa = PBXTargetDependency;
			target = 32DBFE442B572F780024C731 /* ExpenseTracker */;
			targetProxy = 32DBFE602B572F790024C731 /* PBXContainerItemProxy */;
		};
/* End PBXTargetDependency section */

/* Begin XCBuildConfiguration section */
		32DBFE672B572F790024C731 /* Debug */ = {
			isa = XCBuildConfiguration;
			buildSettings = {
				ALWAYS_SEARCH_USER_PATHS = NO;
				ASSETCATALOG_COMPILER_GENERATE_SWIFT_ASSET_SYMBOL_EXTENSIONS = YES;
				CLANG_ANALYZER_NONNULL = YES;
				CLANG_ANALYZER_NUMBER_OBJECT_CONVERSION = YES_AGGRESSIVE;
				CLANG_CXX_LANGUAGE_STANDARD = "gnu++20";
				CLANG_ENABLE_MODULES = YES;
				CLANG_ENABLE_OBJC_ARC = YES;
				CLANG_ENABLE_OBJC_WEAK = YES;
				CLANG_WARN_BLOCK_CAPTURE_AUTORELEASING = YES;
				CLANG_WARN_BOOL_CONVERSION = YES;
				CLANG_WARN_COMMA = YES;
				CLANG_WARN_CONSTANT_CONVERSION = YES;
				CLANG_WARN_DEPRECATED_OBJC_IMPLEMENTATIONS = YES;
				CLANG_WARN_DIRECT_OBJC_ISA_USAGE = YES_ERROR;
				CLANG_WARN_DOCUMENTATION_COMMENTS = YES;
				CLANG_WARN_EMPTY_BODY = YES;
				CLANG_WARN_ENUM_CONVERSION = YES;
				CLANG_WARN_INFINITE_RECURSION = YES;
				CLANG_WARN_INT_CONVERSION = YES;
				CLANG_WARN_NON_LITERAL_NULL_CONVERSION = YES;
				CLANG_WARN_OBJC_IMPLICIT_RETAIN_SELF = YES;
				CLANG_WARN_OBJC_LITERAL_CONVERSION = YES;
				CLANG_WARN_OBJC_ROOT_CLASS = YES_ERROR;
				CLANG_WARN_QUOTED_INCLUDE_IN_FRAMEWORK_HEADER = YES;
				CLANG_WARN_RANGE_LOOP_ANALYSIS = YES;
				CLANG_WARN_STRICT_PROTOTYPES = YES;
				CLANG_WARN_SUSPICIOUS_MOVE = YES;
				CLANG_WARN_UNGUARDED_AVAILABILITY = YES_AGGRESSIVE;
				CLANG_WARN_UNREACHABLE_CODE = YES;
				CLANG_WARN__DUPLICATE_METHOD_MATCH = YES;
				COPY_PHASE_STRIP = NO;
				DEBUG_INFORMATION_FORMAT = dwarf;
				ENABLE_STRICT_OBJC_MSGSEND = YES;
				ENABLE_TESTABILITY = YES;
				ENABLE_USER_SCRIPT_SANDBOXING = YES;
				GCC_C_LANGUAGE_STANDARD = gnu17;
				GCC_DYNAMIC_NO_PIC = NO;
				GCC_NO_COMMON_BLOCKS = YES;
				GCC_OPTIMIZATION_LEVEL = 0;
				GCC_PREPROCESSOR_DEFINITIONS = (
					"DEBUG=1",
					"$(inherited)",
				);
				GCC_WARN_64_TO_32_BIT_CONVERSION = YES;
				GCC_WARN_ABOUT_RETURN_TYPE = YES_ERROR;
				GCC_WARN_UNDECLARED_SELECTOR = YES;
				GCC_WARN_UNINITIALIZED_AUTOS = YES_AGGRESSIVE;
				GCC_WARN_UNUSED_FUNCTION = YES;
				GCC_WARN_UNUSED_VARIABLE = YES;
				IPHONEOS_DEPLOYMENT_TARGET = 17.2;
				LOCALIZATION_PREFERS_STRING_CATALOGS = YES;
				MTL_ENABLE_DEBUG_INFO = INCLUDE_SOURCE;
				MTL_FAST_MATH = YES;
				ONLY_ACTIVE_ARCH = YES;
				SDKROOT = iphoneos;
				SWIFT_ACTIVE_COMPILATION_CONDITIONS = "DEBUG $(inherited)";
				SWIFT_OPTIMIZATION_LEVEL = "-Onone";
			};
			name = Debug;
		};
		32DBFE682B572F790024C731 /* Release */ = {
			isa = XCBuildConfiguration;
			buildSettings = {
				ALWAYS_SEARCH_USER_PATHS = NO;
				ASSETCATALOG_COMPILER_GENERATE_SWIFT_ASSET_SYMBOL_EXTENSIONS = YES;
				CLANG_ANALYZER_NONNULL = YES;
				CLANG_ANALYZER_NUMBER_OBJECT_CONVERSION = YES_AGGRESSIVE;
				CLANG_CXX_LANGUAGE_STANDARD = "gnu++20";
				CLANG_ENABLE_MODULES = YES;
				CLANG_ENABLE_OBJC_ARC = YES;
				CLANG_ENABLE_OBJC_WEAK = YES;
				CLANG_WARN_BLOCK_CAPTURE_AUTORELEASING = YES;
				CLANG_WARN_BOOL_CONVERSION = YES;
				CLANG_WARN_COMMA = YES;
				CLANG_WARN_CONSTANT_CONVERSION = YES;
				CLANG_WARN_DEPRECATED_OBJC_IMPLEMENTATIONS = YES;
				CLANG_WARN_DIRECT_OBJC_ISA_USAGE = YES_ERROR;
				CLANG_WARN_DOCUMENTATION_COMMENTS = YES;
				CLANG_WARN_EMPTY_BODY = YES;
				CLANG_WARN_ENUM_CONVERSION = YES;
				CLANG_WARN_INFINITE_RECURSION = YES;
				CLANG_WARN_INT_CONVERSION = YES;
				CLANG_WARN_NON_LITERAL_NULL_CONVERSION = YES;
				CLANG_WARN_OBJC_IMPLICIT_RETAIN_SELF = YES;
				CLANG_WARN_OBJC_LITERAL_CONVERSION = YES;
				CLANG_WARN_OBJC_ROOT_CLASS = YES_ERROR;
				CLANG_WARN_QUOTED_INCLUDE_IN_FRAMEWORK_HEADER = YES;
				CLANG_WARN_RANGE_LOOP_ANALYSIS = YES;
				CLANG_WARN_STRICT_PROTOTYPES = YES;
				CLANG_WARN_SUSPICIOUS_MOVE = YES;
				CLANG_WARN_UNGUARDED_AVAILABILITY = YES_AGGRESSIVE;
				CLANG_WARN_UNREACHABLE_CODE = YES;
				CLANG_WARN__DUPLICATE_METHOD_MATCH = YES;
				COPY_PHASE_STRIP = NO;
				DEBUG_INFORMATION_FORMAT = "dwarf-with-dsym";
				ENABLE_NS_ASSERTIONS = NO;
				ENABLE_STRICT_OBJC_MSGSEND = YES;
				ENABLE_USER_SCRIPT_SANDBOXING = YES;
				GCC_C_LANGUAGE_STANDARD = gnu17;
				GCC_NO_COMMON_BLOCKS = YES;
				GCC_WARN_64_TO_32_BIT_CONVERSION = YES;
				GCC_WARN_ABOUT_RETURN_TYPE = YES_ERROR;
				GCC_WARN_UNDECLARED_SELECTOR = YES;
				GCC_WARN_UNINITIALIZED_AUTOS = YES_AGGRESSIVE;
				GCC_WARN_UNUSED_FUNCTION = YES;
				GCC_WARN_UNUSED_VARIABLE = YES;
				IPHONEOS_DEPLOYMENT_TARGET = 17.2;
				LOCALIZATION_PREFERS_STRING_CATALOGS = YES;
				MTL_ENABLE_DEBUG_INFO = NO;
				MTL_FAST_MATH = YES;
				SDKROOT = iphoneos;
				SWIFT_COMPILATION_MODE = wholemodule;
				VALIDATE_PRODUCT = YES;
			};
			name = Release;
		};
		32DBFE6A2B572F790024C731 /* Debug */ = {
			isa = XCBuildConfiguration;
			buildSettings = {
				ASSETCATALOG_COMPILER_APPICON_NAME = AppIcon;
				ASSETCATALOG_COMPILER_GLOBAL_ACCENT_COLOR_NAME = AccentColor;
				CODE_SIGN_STYLE = Automatic;
				CURRENT_PROJECT_VERSION = 1;
				DEVELOPMENT_ASSET_PATHS = "\"ExpenseTracker/Preview Content\"";
				DEVELOPMENT_TEAM = X4AQMAJ9KK;
				ENABLE_PREVIEWS = YES;
				GENERATE_INFOPLIST_FILE = YES;
				INFOPLIST_KEY_UIApplicationSceneManifest_Generation = YES;
				INFOPLIST_KEY_UIApplicationSupportsIndirectInputEvents = YES;
				INFOPLIST_KEY_UILaunchScreen_Generation = YES;
				INFOPLIST_KEY_UISupportedInterfaceOrientations_iPad = "UIInterfaceOrientationPortrait UIInterfaceOrientationPortraitUpsideDown UIInterfaceOrientationLandscapeLeft UIInterfaceOrientationLandscapeRight";
				INFOPLIST_KEY_UISupportedInterfaceOrientations_iPhone = "UIInterfaceOrientationPortrait UIInterfaceOrientationLandscapeLeft UIInterfaceOrientationLandscapeRight";
				LD_RUNPATH_SEARCH_PATHS = (
					"$(inherited)",
					"@executable_path/Frameworks",
				);
				MARKETING_VERSION = 1.0;
				PRODUCT_BUNDLE_IDENTIFIER = "es.usal.diegobh-usal.es.ExpenseTracker";
				PRODUCT_NAME = "$(TARGET_NAME)";
				SWIFT_EMIT_LOC_STRINGS = YES;
				SWIFT_VERSION = 5.0;
				TARGETED_DEVICE_FAMILY = "1,2";
			};
			name = Debug;
		};
		32DBFE6B2B572F790024C731 /* Release */ = {
			isa = XCBuildConfiguration;
			buildSettings = {
				ASSETCATALOG_COMPILER_APPICON_NAME = AppIcon;
				ASSETCATALOG_COMPILER_GLOBAL_ACCENT_COLOR_NAME = AccentColor;
				CODE_SIGN_STYLE = Automatic;
				CURRENT_PROJECT_VERSION = 1;
				DEVELOPMENT_ASSET_PATHS = "\"ExpenseTracker/Preview Content\"";
				DEVELOPMENT_TEAM = X4AQMAJ9KK;
				ENABLE_PREVIEWS = YES;
				GENERATE_INFOPLIST_FILE = YES;
				INFOPLIST_KEY_UIApplicationSceneManifest_Generation = YES;
				INFOPLIST_KEY_UIApplicationSupportsIndirectInputEvents = YES;
				INFOPLIST_KEY_UILaunchScreen_Generation = YES;
				INFOPLIST_KEY_UISupportedInterfaceOrientations_iPad = "UIInterfaceOrientationPortrait UIInterfaceOrientationPortraitUpsideDown UIInterfaceOrientationLandscapeLeft UIInterfaceOrientationLandscapeRight";
				INFOPLIST_KEY_UISupportedInterfaceOrientations_iPhone = "UIInterfaceOrientationPortrait UIInterfaceOrientationLandscapeLeft UIInterfaceOrientationLandscapeRight";
				LD_RUNPATH_SEARCH_PATHS = (
					"$(inherited)",
					"@executable_path/Frameworks",
				);
				MARKETING_VERSION = 1.0;
				PRODUCT_BUNDLE_IDENTIFIER = "es.usal.diegobh-usal.es.ExpenseTracker";
				PRODUCT_NAME = "$(TARGET_NAME)";
				SWIFT_EMIT_LOC_STRINGS = YES;
				SWIFT_VERSION = 5.0;
				TARGETED_DEVICE_FAMILY = "1,2";
			};
			name = Release;
		};
		32DBFE6D2B572F790024C731 /* Debug */ = {
			isa = XCBuildConfiguration;
			buildSettings = {
				ALWAYS_EMBED_SWIFT_STANDARD_LIBRARIES = YES;
				BUNDLE_LOADER = "$(TEST_HOST)";
				CODE_SIGN_STYLE = Automatic;
				CURRENT_PROJECT_VERSION = 1;
				DEVELOPMENT_TEAM = X4AQMAJ9KK;
				GENERATE_INFOPLIST_FILE = YES;
				IPHONEOS_DEPLOYMENT_TARGET = 17.2;
				MARKETING_VERSION = 1.0;
				PRODUCT_BUNDLE_IDENTIFIER = "es.usal.diegobh-usal.es.ExpenseTrackerTests";
				PRODUCT_NAME = "$(TARGET_NAME)";
				SWIFT_EMIT_LOC_STRINGS = NO;
				SWIFT_VERSION = 5.0;
				TARGETED_DEVICE_FAMILY = "1,2";
				TEST_HOST = "$(BUILT_PRODUCTS_DIR)/ExpenseTracker.app/$(BUNDLE_EXECUTABLE_FOLDER_PATH)/ExpenseTracker";
			};
			name = Debug;
		};
		32DBFE6E2B572F790024C731 /* Release */ = {
			isa = XCBuildConfiguration;
			buildSettings = {
				ALWAYS_EMBED_SWIFT_STANDARD_LIBRARIES = YES;
				BUNDLE_LOADER = "$(TEST_HOST)";
				CODE_SIGN_STYLE = Automatic;
				CURRENT_PROJECT_VERSION = 1;
				DEVELOPMENT_TEAM = X4AQMAJ9KK;
				GENERATE_INFOPLIST_FILE = YES;
				IPHONEOS_DEPLOYMENT_TARGET = 17.2;
				MARKETING_VERSION = 1.0;
				PRODUCT_BUNDLE_IDENTIFIER = "es.usal.diegobh-usal.es.ExpenseTrackerTests";
				PRODUCT_NAME = "$(TARGET_NAME)";
				SWIFT_EMIT_LOC_STRINGS = NO;
				SWIFT_VERSION = 5.0;
				TARGETED_DEVICE_FAMILY = "1,2";
				TEST_HOST = "$(BUILT_PRODUCTS_DIR)/ExpenseTracker.app/$(BUNDLE_EXECUTABLE_FOLDER_PATH)/ExpenseTracker";
			};
			name = Release;
		};
		32DBFE702B572F790024C731 /* Debug */ = {
			isa = XCBuildConfiguration;
			buildSettings = {
				ALWAYS_EMBED_SWIFT_STANDARD_LIBRARIES = YES;
				CODE_SIGN_STYLE = Automatic;
				CURRENT_PROJECT_VERSION = 1;
				DEVELOPMENT_TEAM = X4AQMAJ9KK;
				GENERATE_INFOPLIST_FILE = YES;
				MARKETING_VERSION = 1.0;
				PRODUCT_BUNDLE_IDENTIFIER = "es.usal.diegobh-usal.es.ExpenseTrackerUITests";
				PRODUCT_NAME = "$(TARGET_NAME)";
				SWIFT_EMIT_LOC_STRINGS = NO;
				SWIFT_VERSION = 5.0;
				TARGETED_DEVICE_FAMILY = "1,2";
				TEST_TARGET_NAME = ExpenseTracker;
			};
			name = Debug;
		};
		32DBFE712B572F790024C731 /* Release */ = {
			isa = XCBuildConfiguration;
			buildSettings = {
				ALWAYS_EMBED_SWIFT_STANDARD_LIBRARIES = YES;
				CODE_SIGN_STYLE = Automatic;
				CURRENT_PROJECT_VERSION = 1;
				DEVELOPMENT_TEAM = X4AQMAJ9KK;
				GENERATE_INFOPLIST_FILE = YES;
				MARKETING_VERSION = 1.0;
				PRODUCT_BUNDLE_IDENTIFIER = "es.usal.diegobh-usal.es.ExpenseTrackerUITests";
				PRODUCT_NAME = "$(TARGET_NAME)";
				SWIFT_EMIT_LOC_STRINGS = NO;
				SWIFT_VERSION = 5.0;
				TARGETED_DEVICE_FAMILY = "1,2";
				TEST_TARGET_NAME = ExpenseTracker;
			};
			name = Release;
		};
/* End XCBuildConfiguration section */

/* Begin XCConfigurationList section */
		32DBFE402B572F780024C731 /* Build configuration list for PBXProject "ExpenseTracker" */ = {
			isa = XCConfigurationList;
			buildConfigurations = (
				32DBFE672B572F790024C731 /* Debug */,
				32DBFE682B572F790024C731 /* Release */,
			);
			defaultConfigurationIsVisible = 0;
			defaultConfigurationName = Release;
		};
		32DBFE692B572F790024C731 /* Build configuration list for PBXNativeTarget "ExpenseTracker" */ = {
			isa = XCConfigurationList;
			buildConfigurations = (
				32DBFE6A2B572F790024C731 /* Debug */,
				32DBFE6B2B572F790024C731 /* Release */,
			);
			defaultConfigurationIsVisible = 0;
			defaultConfigurationName = Release;
		};
		32DBFE6C2B572F790024C731 /* Build configuration list for PBXNativeTarget "ExpenseTrackerTests" */ = {
			isa = XCConfigurationList;
			buildConfigurations = (
				32DBFE6D2B572F790024C731 /* Debug */,
				32DBFE6E2B572F790024C731 /* Release */,
			);
			defaultConfigurationIsVisible = 0;
			defaultConfigurationName = Release;
		};
		32DBFE6F2B572F790024C731 /* Build configuration list for PBXNativeTarget "ExpenseTrackerUITests" */ = {
			isa = XCConfigurationList;
			buildConfigurations = (
				32DBFE702B572F790024C731 /* Debug */,
				32DBFE712B572F790024C731 /* Release */,
			);
			defaultConfigurationIsVisible = 0;
			defaultConfigurationName = Release;
		};
/* End XCConfigurationList section */

/* Begin XCRemoteSwiftPackageReference section */
		3247A8E52B57410B0014E813 /* XCRemoteSwiftPackageReference "SwiftUIFontIcon" */ = {
			isa = XCRemoteSwiftPackageReference;
			repositoryURL = "https://github.com/huybuidac/SwiftUIFontIcon";
			requirement = {
				branch = master;
				kind = branch;
			};
		};
		32F3A7592B57EC1500FC4077 /* XCRemoteSwiftPackageReference "swift-collections" */ = {
			isa = XCRemoteSwiftPackageReference;
			repositoryURL = "https://github.com/apple/swift-collections.git";
			requirement = {
				kind = upToNextMajorVersion;
				minimumVersion = 1.0.6;
			};
		};
		32F3A75C2B57ED4A00FC4077 /* XCRemoteSwiftPackageReference "ChartView" */ = {
			isa = XCRemoteSwiftPackageReference;
			repositoryURL = "https://github.com/AppPear/ChartView";
			requirement = {
				kind = exactVersion;
				version = "2.0.0-beta.2";
			};
		};
/* End XCRemoteSwiftPackageReference section */

/* Begin XCSwiftPackageProductDependency section */
		3247A8E62B57410B0014E813 /* SwiftUIFontIcon */ = {
			isa = XCSwiftPackageProductDependency;
			package = 3247A8E52B57410B0014E813 /* XCRemoteSwiftPackageReference "SwiftUIFontIcon" */;
			productName = SwiftUIFontIcon;
		};
		32F3A75A2B57EC1500FC4077 /* Collections */ = {
			isa = XCSwiftPackageProductDependency;
			package = 32F3A7592B57EC1500FC4077 /* XCRemoteSwiftPackageReference "swift-collections" */;
			productName = Collections;
		};
		32F3A75D2B57ED4A00FC4077 /* SwiftUICharts */ = {
			isa = XCSwiftPackageProductDependency;
			package = 32F3A75C2B57ED4A00FC4077 /* XCRemoteSwiftPackageReference "ChartView" */;
			productName = SwiftUICharts;
		};
/* End XCSwiftPackageProductDependency section */
	};
	rootObject = 32DBFE3D2B572F780024C731 /* Project object */;
}
